
Microsoft Visual Studio Solution File, Format Version 12.00
# Visual Studio 2013
VisualStudioVersion = 12.0.21005.1
MinimumVisualStudioVersion = 10.0.40219.1
Project("{8BC9CEB8-8B4A-11D0-8D11-00A0C91BC942}") = "UserCF", "UserCF\UserCF.vcxproj", "{9E471543-31B9-4147-9E7A-095C877ADC36}"
EndProject
Project("{8BC9CEB8-8B4A-11D0-8D11-00A0C91BC942}") = "generate_train_set", "generate_train_set\generate_train_set.vcxproj", "{E086C02F-A714-4FB2-AA47-054A0DFB36B6}"
EndProject
Global
	GlobalSection(SolutionConfigurationPlatforms) = preSolution
		Debug|Win32 = Debug|Win32
		Release|Win32 = Release|Win32
	EndGlobalSection
	GlobalSection(ProjectConfigurationPlatforms) = postSolution
		{9E471543-31B9-4147-9E7A-095C877ADC36}.Debug|Win32.ActiveCfg = Debug|Win32
		{9E471543-31B9-4147-9E7A-095C877ADC36}.Debug|Win32.Build.0 = Debug|Win32
		{9E471543-31B9-4147-9E7A-095C877ADC36}.Release|Win32.ActiveCfg = Release|Win32
		{9E471543-31B9-4147-9E7A-095C877ADC36}.Release|Win32.Build.0 = Release|Win32
		{E086C02F-A714-4FB2-AA47-054A0DFB36B6}.Debug|Win32.ActiveCfg = Debug|Win32
		{E086C02F-A714-4FB2-AA47-054A0DFB36B6}.Debug|Win32.Build.0 = Debug|Win32
		{E086C02F-A714-4FB2-AA47-054A0DFB36B6}.Release|Win32.ActiveCfg = Release|Win32
		{E086C02F-A714-4FB2-AA47-054A0DFB36B6}.Release|Win32.Build.0 = Release|Win32
	EndGlobalSection
	GlobalSection(SolutionProperties) = preSolution
		HideSolutionNode = FALSE
	EndGlobalSection
EndGlobal
